{
  "lockfileVersion": 1,
  "workspaces": {
    "": {
      "name": "@gwigz/homunculus",
      "devDependencies": {
        "@biomejs/biome": "^2.0.0-beta.5",
        "@types/node": "^22.15.19",
      },
      "peerDependencies": {
        "typescript": "^5.8.3",
      },
    },
    "packages/homunculus-core": {
      "name": "@gwigz/homunculus-core",
      "version": "0.0.0",
      "dependencies": {
        "@vladfrangu/async_event_emitter": "^2.4.6",
        "long": "^5.3.2",
        "xmlrpc": "^1.3.2",
      },
      "devDependencies": {
        "@biomejs/biome": "1.9.4",
        "@types/long": "^5.0.0",
        "@types/node": "^22.15.19",
        "@types/xmlrpc": "^1.3.10",
      },
      "peerDependencies": {
        "typescript": "^5.8.3",
      },
    },
    "packages/homunculus-terminal": {
      "name": "@gwigz/homunculus-terminal",
      "version": "0.0.0",
      "dependencies": {
        "@gwigz/homunculus-core": "workspace:*",
        "ink": "^5.2.1",
        "meow": "^13.2.0",
        "react": "^19.1.0",
      },
      "devDependencies": {
        "@biomejs/biome": "1.9.4",
        "@types/node": "^22.15.19",
        "@types/react": "^19.1.4",
      },
      "peerDependencies": {
        "typescript": "^5.8.3",
      },
    },
  },
  "packages": {
    "@alcalzone/ansi-tokenize": ["@alcalzone/ansi-tokenize@0.1.3", "", { "dependencies": { "ansi-styles": "^6.2.1", "is-fullwidth-code-point": "^4.0.0" } }, "sha512-3yWxPTq3UQ/FY9p1ErPxIyfT64elWaMvM9lIHnaqpyft63tkxodF5aUElYHrdisWve5cETkh1+KBw1yJuW0aRw=="],

    "@biomejs/biome": ["@biomejs/biome@2.0.0-beta.5", "", { "optionalDependencies": { "@biomejs/cli-darwin-arm64": "2.0.0-beta.5", "@biomejs/cli-darwin-x64": "2.0.0-beta.5", "@biomejs/cli-linux-arm64": "2.0.0-beta.5", "@biomejs/cli-linux-arm64-musl": "2.0.0-beta.5", "@biomejs/cli-linux-x64": "2.0.0-beta.5", "@biomejs/cli-linux-x64-musl": "2.0.0-beta.5", "@biomejs/cli-win32-arm64": "2.0.0-beta.5", "@biomejs/cli-win32-x64": "2.0.0-beta.5" }, "bin": { "biome": "bin/biome" } }, "sha512-1ldO4AepieVvg4aLi1ubZkA7NsefQT2UTNssbJbDiQTGem8kCHx/PZCwLxIR6UzFpGIjh0xsDzivyVvhnmqmuA=="],

    "@biomejs/cli-darwin-arm64": ["@biomejs/cli-darwin-arm64@2.0.0-beta.5", "", { "os": "darwin", "cpu": "arm64" }, "sha512-pnJiaoDpwGo+ctGkMu4POcO8jgOgCErBdYbhutr+K9rxxJS+TlHLr0LR91GCEWbGV2O1oyZRFQcW21rYFoak4w=="],

    "@biomejs/cli-darwin-x64": ["@biomejs/cli-darwin-x64@2.0.0-beta.5", "", { "os": "darwin", "cpu": "x64" }, "sha512-WwEZpqcmsNoFpZkUFNQcbZo52WK4hLGQ0vZk3PQ8JlZ55gJsHiyhtv6aem6fVlyVCvZgpsC0sYPLE3VvFVKNAQ=="],

    "@biomejs/cli-linux-arm64": ["@biomejs/cli-linux-arm64@2.0.0-beta.5", "", { "os": "linux", "cpu": "arm64" }, "sha512-lAF1de+Ki0vnq14NwDXouKkAR/iviyMNrUngSHjTGFC4z8XGVEfIw0ZMSm7fAdJZ5fAWodt9HiYmEAVs5EtHQg=="],

    "@biomejs/cli-linux-arm64-musl": ["@biomejs/cli-linux-arm64-musl@2.0.0-beta.5", "", { "os": "linux", "cpu": "arm64" }, "sha512-4vxNkYx1uEt211W8hLdXddc7icRHQgYENb72g6uTd/tLVPSBvIwqUAxAOkU+9Ai1E/8R4sWy7HIxREgpuFgbNA=="],

    "@biomejs/cli-linux-x64": ["@biomejs/cli-linux-x64@2.0.0-beta.5", "", { "os": "linux", "cpu": "x64" }, "sha512-I0Pt1VHeL1mN8G7ZwV2u9AfzBd5ZKfbvHUI4x2wETUZbwcQlAu/nEzEa2LUe5HqSmnctTR36ig7RkkM9qbmIrA=="],

    "@biomejs/cli-linux-x64-musl": ["@biomejs/cli-linux-x64-musl@2.0.0-beta.5", "", { "os": "linux", "cpu": "x64" }, "sha512-nUeKGO517GtRCxziVD9les1HiCs2s2/WIVITMN9+9RRuLOko8r+T77E8ZXEmlfLOfOIOeE6z62WITqei3oNccA=="],

    "@biomejs/cli-win32-arm64": ["@biomejs/cli-win32-arm64@2.0.0-beta.5", "", { "os": "win32", "cpu": "arm64" }, "sha512-YXW6hgbrgBcWQ1SLO69ypWlluPchgQV5C1lTG4xOcBUWdCsfYuQirM64S6Dov7SFPqsMIoFC6LlQRW+n8qAyiA=="],

    "@biomejs/cli-win32-x64": ["@biomejs/cli-win32-x64@2.0.0-beta.5", "", { "os": "win32", "cpu": "x64" }, "sha512-N7Yby52BJmvEdst1iMbclE5hxxefboaXKRJLm1tLfBYr4FeuoCe6j8HdiQSwhCRdIUGFFqBLaDXh//LLF6EReA=="],

    "@gwigz/homunculus-core": ["@gwigz/homunculus-core@workspace:packages/homunculus-core"],

    "@gwigz/homunculus-terminal": ["@gwigz/homunculus-terminal@workspace:packages/homunculus-terminal"],

    "@types/long": ["@types/long@5.0.0", "", { "dependencies": { "long": "*" } }, "sha512-eQs9RsucA/LNjnMoJvWG/nXa7Pot/RbBzilF/QRIU/xRl+0ApxrSUFsV5lmf01SvSlqMzJ7Zwxe440wmz2SJGA=="],

    "@types/node": ["@types/node@22.15.20", "", { "dependencies": { "undici-types": "~6.21.0" } }, "sha512-A6BohGFRGHAscJsTslDCA9JG7qSJr/DWUvrvY8yi9IgnGtMxCyat7vvQ//MFa0DnLsyuS3wYTpLdw4Hf+Q5JXw=="],

    "@types/react": ["@types/react@19.1.4", "", { "dependencies": { "csstype": "^3.0.2" } }, "sha512-EB1yiiYdvySuIITtD5lhW4yPyJ31RkJkkDw794LaQYrxCSaQV/47y5o1FMC4zF9ZyjUjzJMZwbovEnT5yHTW6g=="],

    "@types/xmlrpc": ["@types/xmlrpc@1.3.10", "", { "dependencies": { "@types/node": "*" } }, "sha512-0jU+htwq8NGHqcz9pZzD76/Kpe1dpkDGFH696UoTONkwteRHA/2nzBAanqN7EppdkO+DwYYZd9M8IaOcnDqeVQ=="],

    "@vladfrangu/async_event_emitter": ["@vladfrangu/async_event_emitter@2.4.6", "", {}, "sha512-RaI5qZo6D2CVS6sTHFKg1v5Ohq/+Bo2LZ5gzUEwZ/WkHhwtGTCB/sVLw8ijOkAUxasZ+WshN/Rzj4ywsABJ5ZA=="],

    "ansi-escapes": ["ansi-escapes@7.0.0", "", { "dependencies": { "environment": "^1.0.0" } }, "sha512-GdYO7a61mR0fOlAsvC9/rIHf7L96sBc6dEWzeOu+KAea5bZyQRPIpojrVoI4AXGJS/ycu/fBTdLrUkA4ODrvjw=="],

    "ansi-regex": ["ansi-regex@6.1.0", "", {}, "sha512-7HSX4QQb4CspciLpVFwyRe79O3xsIZDDLER21kERQ71oaPodF8jL725AgJMFAYbooIqolJoRLuM81SpeUkpkvA=="],

    "ansi-styles": ["ansi-styles@6.2.1", "", {}, "sha512-bN798gFfQX+viw3R7yrGWRqnrN2oRkEkUjjl4JNn4E8GxxbjtG3FbrEIIY3l8/hrwUwIeCZvi4QuOTP4MErVug=="],

    "auto-bind": ["auto-bind@5.0.1", "", {}, "sha512-ooviqdwwgfIfNmDwo94wlshcdzfO64XV0Cg6oDsDYBJfITDz1EngD2z7DkbvCWn+XIMsIqW27sEVF6qcpJrRcg=="],

    "chalk": ["chalk@5.4.1", "", {}, "sha512-zgVZuo2WcZgfUEmsn6eO3kINexW8RAE4maiQ8QNs8CtpPCSyMiYsULR3HQYkm3w8FIA3SberyMJMSldGsW+U3w=="],

    "cli-boxes": ["cli-boxes@3.0.0", "", {}, "sha512-/lzGpEWL/8PfI0BmBOPRwp0c/wFNX1RdUML3jK/RcSBA9T8mZDdQpqYBKtCFTOfQbwPqWEOpjqW+Fnayc0969g=="],

    "cli-cursor": ["cli-cursor@4.0.0", "", { "dependencies": { "restore-cursor": "^4.0.0" } }, "sha512-VGtlMu3x/4DOtIUwEkRezxUZ2lBacNJCHash0N0WeZDBS+7Ux1dm3XWAgWYxLJFMMdOeXMHXorshEFhbMSGelg=="],

    "cli-truncate": ["cli-truncate@4.0.0", "", { "dependencies": { "slice-ansi": "^5.0.0", "string-width": "^7.0.0" } }, "sha512-nPdaFdQ0h/GEigbPClz11D0v/ZJEwxmeVZGeMo3Z5StPtUTkA9o1lD6QwoirYiSDzbcwn2XcjwmCp68W1IS4TA=="],

    "code-excerpt": ["code-excerpt@4.0.0", "", { "dependencies": { "convert-to-spaces": "^2.0.1" } }, "sha512-xxodCmBen3iy2i0WtAK8FlFNrRzjUqjRsMfho58xT/wvZU1YTM3fCnRjcy1gJPMepaRlgm/0e6w8SpWHpn3/cA=="],

    "convert-to-spaces": ["convert-to-spaces@2.0.1", "", {}, "sha512-rcQ1bsQO9799wq24uE5AM2tAILy4gXGIK/njFWcVQkGNZ96edlpY+A7bjwvzjYvLDyzmG1MmMLZhpcsb+klNMQ=="],

    "csstype": ["csstype@3.1.3", "", {}, "sha512-M1uQkMl8rQK/szD0LNhtqxIPLpimGm8sOBwU7lLnCpSbTyY3yeU1Vc7l4KT5zT4s/yOxHH5O7tIuuLOCnLADRw=="],

    "emoji-regex": ["emoji-regex@10.4.0", "", {}, "sha512-EC+0oUMY1Rqm4O6LLrgjtYDvcVYTy7chDnM4Q7030tP4Kwj3u/pR6gP9ygnp2CJMK5Gq+9Q2oqmrFJAz01DXjw=="],

    "environment": ["environment@1.1.0", "", {}, "sha512-xUtoPkMggbz0MPyPiIWr1Kp4aeWJjDZ6SMvURhimjdZgsRuDplF5/s9hcgGhyXMhs+6vpnuoiZ2kFiu3FMnS8Q=="],

    "es-toolkit": ["es-toolkit@1.38.0", "", {}, "sha512-OT3AxczYYd3W50bCj4V0hKoOAfqIy9tof0leNQYekEDxVKir3RTVTJOLij7VAe6fsCNsGhC0JqIkURpMXTCSEA=="],

    "escape-string-regexp": ["escape-string-regexp@2.0.0", "", {}, "sha512-UpzcLCXolUWcNu5HtVMHYdXJjArjsF9C0aNnquZYY4uW/Vu0miy5YoWvbV345HauVvcAUnpRuhMMcqTcGOY2+w=="],

    "get-east-asian-width": ["get-east-asian-width@1.3.0", "", {}, "sha512-vpeMIQKxczTD/0s2CdEWHcb0eeJe6TFjxb+J5xgX7hScxqrGuyjmv4c1D4A/gelKfyox0gJJwIHF+fLjeaM8kQ=="],

    "indent-string": ["indent-string@5.0.0", "", {}, "sha512-m6FAo/spmsW2Ab2fU35JTYwtOKa2yAwXSwgjSv1TJzh4Mh7mC3lzAOVLBprb72XsTrgkEIsl7YrFNAiDiRhIGg=="],

    "ink": ["ink@5.2.1", "", { "dependencies": { "@alcalzone/ansi-tokenize": "^0.1.3", "ansi-escapes": "^7.0.0", "ansi-styles": "^6.2.1", "auto-bind": "^5.0.1", "chalk": "^5.3.0", "cli-boxes": "^3.0.0", "cli-cursor": "^4.0.0", "cli-truncate": "^4.0.0", "code-excerpt": "^4.0.0", "es-toolkit": "^1.22.0", "indent-string": "^5.0.0", "is-in-ci": "^1.0.0", "patch-console": "^2.0.0", "react-reconciler": "^0.29.0", "scheduler": "^0.23.0", "signal-exit": "^3.0.7", "slice-ansi": "^7.1.0", "stack-utils": "^2.0.6", "string-width": "^7.2.0", "type-fest": "^4.27.0", "widest-line": "^5.0.0", "wrap-ansi": "^9.0.0", "ws": "^8.18.0", "yoga-layout": "~3.2.1" }, "peerDependencies": { "@types/react": ">=18.0.0", "react": ">=18.0.0", "react-devtools-core": "^4.19.1" }, "optionalPeers": ["@types/react", "react-devtools-core"] }, "sha512-BqcUyWrG9zq5HIwW6JcfFHsIYebJkWWb4fczNah1goUO0vv5vneIlfwuS85twyJ5hYR/y18FlAYUxrO9ChIWVg=="],

    "is-fullwidth-code-point": ["is-fullwidth-code-point@4.0.0", "", {}, "sha512-O4L094N2/dZ7xqVdrXhh9r1KODPJpFms8B5sGdJLPy664AgvXsreZUyCQQNItZRDlYug4xStLjNp/sz3HvBowQ=="],

    "is-in-ci": ["is-in-ci@1.0.0", "", { "bin": { "is-in-ci": "cli.js" } }, "sha512-eUuAjybVTHMYWm/U+vBO1sY/JOCgoPCXRxzdju0K+K0BiGW0SChEL1MLC0PoCIR1OlPo5YAp8HuQoUlsWEICwg=="],

    "js-tokens": ["js-tokens@4.0.0", "", {}, "sha512-RdJUflcE3cUzKiMqQgsCu06FPu9UdIJO0beYbPhHN4k6apgJtifcoCtT9bcxOpYBtpD2kCM6Sbzg4CausW/PKQ=="],

    "long": ["long@5.3.2", "", {}, "sha512-mNAgZ1GmyNhD7AuqnTG3/VQ26o760+ZYBPKjPvugO8+nLbYfX6TVpJPseBvopbdY+qpZ/lKUnmEc1LeZYS3QAA=="],

    "loose-envify": ["loose-envify@1.4.0", "", { "dependencies": { "js-tokens": "^3.0.0 || ^4.0.0" }, "bin": { "loose-envify": "cli.js" } }, "sha512-lyuxPGr/Wfhrlem2CL/UcnUc1zcqKAImBDzukY7Y5F/yQiNdko6+fRLevlw1HgMySw7f611UIY408EtxRSoK3Q=="],

    "meow": ["meow@13.2.0", "", {}, "sha512-pxQJQzB6djGPXh08dacEloMFopsOqGVRKFPYvPOt9XDZ1HasbgDZA74CJGreSU4G3Ak7EFJGoiH2auq+yXISgA=="],

    "mimic-fn": ["mimic-fn@2.1.0", "", {}, "sha512-OqbOk5oEQeAZ8WXWydlu9HJjz9WVdEIvamMCcXmuqUYjTknH/sqsWvhQ3vgwKFRR1HpjvNBKQ37nbJgYzGqGcg=="],

    "onetime": ["onetime@5.1.2", "", { "dependencies": { "mimic-fn": "^2.1.0" } }, "sha512-kbpaSSGJTWdAY5KPVeMOKXSrPtr8C8C7wodJbcsd51jRnmD+GZu8Y0VoU6Dm5Z4vWr0Ig/1NKuWRKf7j5aaYSg=="],

    "patch-console": ["patch-console@2.0.0", "", {}, "sha512-0YNdUceMdaQwoKce1gatDScmMo5pu/tfABfnzEqeG0gtTmd7mh/WcwgUjtAeOU7N8nFFlbQBnFK2gXW5fGvmMA=="],

    "react": ["react@19.1.0", "", {}, "sha512-FS+XFBNvn3GTAWq26joslQgWNoFu08F4kl0J4CgdNKADkdSGXQyTCnKteIAJy96Br6YbpEU1LSzV5dYtjMkMDg=="],

    "react-reconciler": ["react-reconciler@0.29.2", "", { "dependencies": { "loose-envify": "^1.1.0", "scheduler": "^0.23.2" }, "peerDependencies": { "react": "^18.3.1" } }, "sha512-zZQqIiYgDCTP/f1N/mAR10nJGrPD2ZR+jDSEsKWJHYC7Cm2wodlwbR3upZRdC3cjIjSlTLNVyO7Iu0Yy7t2AYg=="],

    "restore-cursor": ["restore-cursor@4.0.0", "", { "dependencies": { "onetime": "^5.1.0", "signal-exit": "^3.0.2" } }, "sha512-I9fPXU9geO9bHOt9pHHOhOkYerIMsmVaWB0rA2AI9ERh/+x/i7MV5HKBNrg+ljO5eoPVgCcnFuRjJ9uH6I/3eg=="],

    "sax": ["sax@1.2.4", "", {}, "sha512-NqVDv9TpANUjFm0N8uM5GxL36UgKi9/atZw+x7YFnQ8ckwFGKrl4xX4yWtrey3UJm5nP1kUbnYgLopqWNSRhWw=="],

    "scheduler": ["scheduler@0.23.2", "", { "dependencies": { "loose-envify": "^1.1.0" } }, "sha512-UOShsPwz7NrMUqhR6t0hWjFduvOzbtv7toDH1/hIrfRNIDBnnBWd0CwJTGvTpngVlmwGCdP9/Zl/tVrDqcuYzQ=="],

    "signal-exit": ["signal-exit@3.0.7", "", {}, "sha512-wnD2ZE+l+SPC/uoS0vXeE9L1+0wuaMqKlfz9AMUo38JsyLSBWSFcHR1Rri62LZc12vLr1gb3jl7iwQhgwpAbGQ=="],

    "slice-ansi": ["slice-ansi@7.1.0", "", { "dependencies": { "ansi-styles": "^6.2.1", "is-fullwidth-code-point": "^5.0.0" } }, "sha512-bSiSngZ/jWeX93BqeIAbImyTbEihizcwNjFoRUIY/T1wWQsfsm2Vw1agPKylXvQTU7iASGdHhyqRlqQzfz+Htg=="],

    "stack-utils": ["stack-utils@2.0.6", "", { "dependencies": { "escape-string-regexp": "^2.0.0" } }, "sha512-XlkWvfIm6RmsWtNJx+uqtKLS8eqFbxUg0ZzLXqY0caEy9l7hruX8IpiDnjsLavoBgqCCR71TqWO8MaXYheJ3RQ=="],

    "string-width": ["string-width@7.2.0", "", { "dependencies": { "emoji-regex": "^10.3.0", "get-east-asian-width": "^1.0.0", "strip-ansi": "^7.1.0" } }, "sha512-tsaTIkKW9b4N+AEj+SVA+WhJzV7/zMhcSu78mLKWSk7cXMOSHsBKFWUs0fWwq8QyK3MgJBQRX6Gbi4kYbdvGkQ=="],

    "strip-ansi": ["strip-ansi@7.1.0", "", { "dependencies": { "ansi-regex": "^6.0.1" } }, "sha512-iq6eVVI64nQQTRYq2KtEg2d2uU7LElhTJwsH4YzIHZshxlgZms/wIc4VoDQTlG/IvVIrBKG06CrZnp0qv7hkcQ=="],

    "type-fest": ["type-fest@4.41.0", "", {}, "sha512-TeTSQ6H5YHvpqVwBRcnLDCBnDOHWYu7IvGbHT6N8AOymcr9PJGjc1GTtiWZTYg0NCgYwvnYWEkVChQAr9bjfwA=="],

    "typescript": ["typescript@5.8.3", "", { "bin": { "tsc": "bin/tsc", "tsserver": "bin/tsserver" } }, "sha512-p1diW6TqL9L07nNxvRMM7hMMw4c5XOo/1ibL4aAIGmSAt9slTE1Xgw5KWuof2uTOvCg9BY7ZRi+GaF+7sfgPeQ=="],

    "undici-types": ["undici-types@6.21.0", "", {}, "sha512-iwDZqg0QAGrg9Rav5H4n0M64c3mkR59cJ6wQp+7C4nI0gsmExaedaYLNO44eT4AtBBwjbTiGPMlt2Md0T9H9JQ=="],

    "widest-line": ["widest-line@5.0.0", "", { "dependencies": { "string-width": "^7.0.0" } }, "sha512-c9bZp7b5YtRj2wOe6dlj32MK+Bx/M/d+9VB2SHM1OtsUHR0aV0tdP6DWh/iMt0kWi1t5g1Iudu6hQRNd1A4PVA=="],

    "wrap-ansi": ["wrap-ansi@9.0.0", "", { "dependencies": { "ansi-styles": "^6.2.1", "string-width": "^7.0.0", "strip-ansi": "^7.1.0" } }, "sha512-G8ura3S+3Z2G+mkgNRq8dqaFZAuxfsxpBB8OCTGRTCtp+l/v9nbFNmCUP1BZMts3G1142MsZfn6eeUKrr4PD1Q=="],

    "ws": ["ws@8.18.2", "", { "peerDependencies": { "bufferutil": "^4.0.1", "utf-8-validate": ">=5.0.2" }, "optionalPeers": ["bufferutil", "utf-8-validate"] }, "sha512-DMricUmwGZUVr++AEAe2uiVM7UoO9MAVZMDu05UQOaUII0lp+zOzLLU4Xqh/JvTqklB1T4uELaaPBKyjE1r4fQ=="],

    "xmlbuilder": ["xmlbuilder@8.2.2", "", {}, "sha512-eKRAFz04jghooy8muekqzo8uCSVNeyRedbuJrp0fovbLIi7wlsYtdUn3vBAAPq2Y3/0xMz2WMEUQ8yhVVO9Stw=="],

    "xmlrpc": ["xmlrpc@1.3.2", "", { "dependencies": { "sax": "1.2.x", "xmlbuilder": "8.2.x" } }, "sha512-jQf5gbrP6wvzN71fgkcPPkF4bF/Wyovd7Xdff8d6/ihxYmgETQYSuTc+Hl+tsh/jmgPLro/Aro48LMFlIyEKKQ=="],

    "yoga-layout": ["yoga-layout@3.2.1", "", {}, "sha512-0LPOt3AxKqMdFBZA3HBAt/t/8vIKq7VaQYbuA8WxCgung+p9TVyKRYdpvCb80HcdTN2NkbIKbhNwKUfm3tQywQ=="],

    "@gwigz/homunculus-core/@biomejs/biome": ["@biomejs/biome@1.9.4", "", { "optionalDependencies": { "@biomejs/cli-darwin-arm64": "1.9.4", "@biomejs/cli-darwin-x64": "1.9.4", "@biomejs/cli-linux-arm64": "1.9.4", "@biomejs/cli-linux-arm64-musl": "1.9.4", "@biomejs/cli-linux-x64": "1.9.4", "@biomejs/cli-linux-x64-musl": "1.9.4", "@biomejs/cli-win32-arm64": "1.9.4", "@biomejs/cli-win32-x64": "1.9.4" }, "bin": { "biome": "bin/biome" } }, "sha512-1rkd7G70+o9KkTn5KLmDYXihGoTaIGO9PIIN2ZB7UJxFrWw04CZHPYiMRjYsaDvVV7hP1dYNRLxSANLaBFGpog=="],

    "@gwigz/homunculus-terminal/@biomejs/biome": ["@biomejs/biome@1.9.4", "", { "optionalDependencies": { "@biomejs/cli-darwin-arm64": "1.9.4", "@biomejs/cli-darwin-x64": "1.9.4", "@biomejs/cli-linux-arm64": "1.9.4", "@biomejs/cli-linux-arm64-musl": "1.9.4", "@biomejs/cli-linux-x64": "1.9.4", "@biomejs/cli-linux-x64-musl": "1.9.4", "@biomejs/cli-win32-arm64": "1.9.4", "@biomejs/cli-win32-x64": "1.9.4" }, "bin": { "biome": "bin/biome" } }, "sha512-1rkd7G70+o9KkTn5KLmDYXihGoTaIGO9PIIN2ZB7UJxFrWw04CZHPYiMRjYsaDvVV7hP1dYNRLxSANLaBFGpog=="],

    "cli-truncate/slice-ansi": ["slice-ansi@5.0.0", "", { "dependencies": { "ansi-styles": "^6.0.0", "is-fullwidth-code-point": "^4.0.0" } }, "sha512-FC+lgizVPfie0kkhqUScwRu1O/lF6NOgJmlCgK+/LYxDCTk8sGelYaHDhFcDN+Sn3Cv+3VSa4Byeo+IMCzpMgQ=="],

    "slice-ansi/is-fullwidth-code-point": ["is-fullwidth-code-point@5.0.0", "", { "dependencies": { "get-east-asian-width": "^1.0.0" } }, "sha512-OVa3u9kkBbw7b8Xw5F9P+D/T9X+Z4+JruYVNapTjPYZYUznQ5YfWeFkOj606XYYW8yugTfC8Pj0hYqvi4ryAhA=="],

    "@gwigz/homunculus-core/@biomejs/biome/@biomejs/cli-darwin-arm64": ["@biomejs/cli-darwin-arm64@1.9.4", "", { "os": "darwin", "cpu": "arm64" }, "sha512-bFBsPWrNvkdKrNCYeAp+xo2HecOGPAy9WyNyB/jKnnedgzl4W4Hb9ZMzYNbf8dMCGmUdSavlYHiR01QaYR58cw=="],

    "@gwigz/homunculus-core/@biomejs/biome/@biomejs/cli-darwin-x64": ["@biomejs/cli-darwin-x64@1.9.4", "", { "os": "darwin", "cpu": "x64" }, "sha512-ngYBh/+bEedqkSevPVhLP4QfVPCpb+4BBe2p7Xs32dBgs7rh9nY2AIYUL6BgLw1JVXV8GlpKmb/hNiuIxfPfZg=="],

    "@gwigz/homunculus-core/@biomejs/biome/@biomejs/cli-linux-arm64": ["@biomejs/cli-linux-arm64@1.9.4", "", { "os": "linux", "cpu": "arm64" }, "sha512-fJIW0+LYujdjUgJJuwesP4EjIBl/N/TcOX3IvIHJQNsAqvV2CHIogsmA94BPG6jZATS4Hi+xv4SkBBQSt1N4/g=="],

    "@gwigz/homunculus-core/@biomejs/biome/@biomejs/cli-linux-arm64-musl": ["@biomejs/cli-linux-arm64-musl@1.9.4", "", { "os": "linux", "cpu": "arm64" }, "sha512-v665Ct9WCRjGa8+kTr0CzApU0+XXtRgwmzIf1SeKSGAv+2scAlW6JR5PMFo6FzqqZ64Po79cKODKf3/AAmECqA=="],

    "@gwigz/homunculus-core/@biomejs/biome/@biomejs/cli-linux-x64": ["@biomejs/cli-linux-x64@1.9.4", "", { "os": "linux", "cpu": "x64" }, "sha512-lRCJv/Vi3Vlwmbd6K+oQ0KhLHMAysN8lXoCI7XeHlxaajk06u7G+UsFSO01NAs5iYuWKmVZjmiOzJ0OJmGsMwg=="],

    "@gwigz/homunculus-core/@biomejs/biome/@biomejs/cli-linux-x64-musl": ["@biomejs/cli-linux-x64-musl@1.9.4", "", { "os": "linux", "cpu": "x64" }, "sha512-gEhi/jSBhZ2m6wjV530Yy8+fNqG8PAinM3oV7CyO+6c3CEh16Eizm21uHVsyVBEB6RIM8JHIl6AGYCv6Q6Q9Tg=="],

    "@gwigz/homunculus-core/@biomejs/biome/@biomejs/cli-win32-arm64": ["@biomejs/cli-win32-arm64@1.9.4", "", { "os": "win32", "cpu": "arm64" }, "sha512-tlbhLk+WXZmgwoIKwHIHEBZUwxml7bRJgk0X2sPyNR3S93cdRq6XulAZRQJ17FYGGzWne0fgrXBKpl7l4M87Hg=="],

    "@gwigz/homunculus-core/@biomejs/biome/@biomejs/cli-win32-x64": ["@biomejs/cli-win32-x64@1.9.4", "", { "os": "win32", "cpu": "x64" }, "sha512-8Y5wMhVIPaWe6jw2H+KlEm4wP/f7EW3810ZLmDlrEEy5KvBsb9ECEfu/kMWD484ijfQ8+nIi0giMgu9g1UAuuA=="],

    "@gwigz/homunculus-terminal/@biomejs/biome/@biomejs/cli-darwin-arm64": ["@biomejs/cli-darwin-arm64@1.9.4", "", { "os": "darwin", "cpu": "arm64" }, "sha512-bFBsPWrNvkdKrNCYeAp+xo2HecOGPAy9WyNyB/jKnnedgzl4W4Hb9ZMzYNbf8dMCGmUdSavlYHiR01QaYR58cw=="],

    "@gwigz/homunculus-terminal/@biomejs/biome/@biomejs/cli-darwin-x64": ["@biomejs/cli-darwin-x64@1.9.4", "", { "os": "darwin", "cpu": "x64" }, "sha512-ngYBh/+bEedqkSevPVhLP4QfVPCpb+4BBe2p7Xs32dBgs7rh9nY2AIYUL6BgLw1JVXV8GlpKmb/hNiuIxfPfZg=="],

    "@gwigz/homunculus-terminal/@biomejs/biome/@biomejs/cli-linux-arm64": ["@biomejs/cli-linux-arm64@1.9.4", "", { "os": "linux", "cpu": "arm64" }, "sha512-fJIW0+LYujdjUgJJuwesP4EjIBl/N/TcOX3IvIHJQNsAqvV2CHIogsmA94BPG6jZATS4Hi+xv4SkBBQSt1N4/g=="],

    "@gwigz/homunculus-terminal/@biomejs/biome/@biomejs/cli-linux-arm64-musl": ["@biomejs/cli-linux-arm64-musl@1.9.4", "", { "os": "linux", "cpu": "arm64" }, "sha512-v665Ct9WCRjGa8+kTr0CzApU0+XXtRgwmzIf1SeKSGAv+2scAlW6JR5PMFo6FzqqZ64Po79cKODKf3/AAmECqA=="],

    "@gwigz/homunculus-terminal/@biomejs/biome/@biomejs/cli-linux-x64": ["@biomejs/cli-linux-x64@1.9.4", "", { "os": "linux", "cpu": "x64" }, "sha512-lRCJv/Vi3Vlwmbd6K+oQ0KhLHMAysN8lXoCI7XeHlxaajk06u7G+UsFSO01NAs5iYuWKmVZjmiOzJ0OJmGsMwg=="],

    "@gwigz/homunculus-terminal/@biomejs/biome/@biomejs/cli-linux-x64-musl": ["@biomejs/cli-linux-x64-musl@1.9.4", "", { "os": "linux", "cpu": "x64" }, "sha512-gEhi/jSBhZ2m6wjV530Yy8+fNqG8PAinM3oV7CyO+6c3CEh16Eizm21uHVsyVBEB6RIM8JHIl6AGYCv6Q6Q9Tg=="],

    "@gwigz/homunculus-terminal/@biomejs/biome/@biomejs/cli-win32-arm64": ["@biomejs/cli-win32-arm64@1.9.4", "", { "os": "win32", "cpu": "arm64" }, "sha512-tlbhLk+WXZmgwoIKwHIHEBZUwxml7bRJgk0X2sPyNR3S93cdRq6XulAZRQJ17FYGGzWne0fgrXBKpl7l4M87Hg=="],

    "@gwigz/homunculus-terminal/@biomejs/biome/@biomejs/cli-win32-x64": ["@biomejs/cli-win32-x64@1.9.4", "", { "os": "win32", "cpu": "x64" }, "sha512-8Y5wMhVIPaWe6jw2H+KlEm4wP/f7EW3810ZLmDlrEEy5KvBsb9ECEfu/kMWD484ijfQ8+nIi0giMgu9g1UAuuA=="],
  }
}
